
Microsoft Visual Studio Solution File, Format Version 12.00
# Visual Studio 15
VisualStudioVersion = 15.0.26730.8
MinimumVisualStudioVersion = 10.0.40219.1
Project("{FAE04EC0-301F-11D3-BF4B-00C04F79EFBC}") = "CarreraL", "CarreraL\CarreraL.csproj", "{2788F351-5DE3-4262-8D85-00861D2FBC6D}"
EndProject
Global
	GlobalSection(SolutionConfigurationPlatforms) = preSolution
		Debug|Any CPU = Debug|Any CPU
		Release|Any CPU = Release|Any CPU
	EndGlobalSection
	GlobalSection(ProjectConfigurationPlatforms) = postSolution
		{2788F351-5DE3-4262-8D85-00861D2FBC6D}.Debug|Any CPU.ActiveCfg = Debug|Any CPU
		{2788F351-5DE3-4262-8D85-00861D2FBC6D}.Debug|Any CPU.Build.0 = Debug|Any CPU
		{2788F351-5DE3-4262-8D85-00861D2FBC6D}.Release|Any CPU.ActiveCfg = Release|Any CPU
		{2788F351-5DE3-4262-8D85-00861D2FBC6D}.Release|Any CPU.Build.0 = Release|Any CPU
	EndGlobalSection
	GlobalSection(SolutionProperties) = preSolution
		HideSolutionNode = FALSE
	EndGlobalSection
	GlobalSection(ExtensibilityGlobals) = postSolution
		SolutionGuid = {8088BD6E-9880-4439-B32F-8980CF5829DF}
	EndGlobalSection
EndGlobal
